
Microsoft Visual Studio Solution File, Format Version 12.00
# Visual Studio Version 16
VisualStudioVersion = 16.0.29230.47
MinimumVisualStudioVersion = 10.0.40219.1
Project("{FAE04EC0-301F-11D3-BF4B-00C04F79EFBC}") = "bubble", "bubble\bubble.csproj", "{962240D1-6CF2-4117-AEB2-40D4C5E780DA}"
EndProject
Global
	GlobalSection(SolutionConfigurationPlatforms) = preSolution
		Debug|Any CPU = Debug|Any CPU
		Release|Any CPU = Release|Any CPU
	EndGlobalSection
	GlobalSection(ProjectConfigurationPlatforms) = postSolution
		{962240D1-6CF2-4117-AEB2-40D4C5E780DA}.Debug|Any CPU.ActiveCfg = Debug|Any CPU
		{962240D1-6CF2-4117-AEB2-40D4C5E780DA}.Debug|Any CPU.Build.0 = Debug|Any CPU
		{962240D1-6CF2-4117-AEB2-40D4C5E780DA}.Release|Any CPU.ActiveCfg = Release|Any CPU
		{962240D1-6CF2-4117-AEB2-40D4C5E780DA}.Release|Any CPU.Build.0 = Release|Any CPU
	EndGlobalSection
	GlobalSection(SolutionProperties) = preSolution
		HideSolutionNode = FALSE
	EndGlobalSection
	GlobalSection(ExtensibilityGlobals) = postSolution
		SolutionGuid = {17C2D49B-3BFB-4B61-AB3D-E4A5AF24C8ED}
	EndGlobalSection
EndGlobal
